lockfileVersion: 5.4

specifiers:
  '@types/three': ^0.176.0

devDependencies:
  '@types/three': 0.176.0

packages:

  /@dimforge/rapier3d-compat/0.12.0:
    resolution: {integrity: sha512-uekIGetywIgopfD97oDL5PfeezkFpNhwlzlaEYNOA0N6ghdsOvh/HYjSMek5Q2O1PYvRSDFcqFVJl4r4ZBwOow==}
    dev: true

  /@tweenjs/tween.js/23.1.3:
    resolution: {integrity: sha512-vJmvvwFxYuGnF2axRtPYocag6Clbb5YS7kLL+SO/TeVFzHqDIWrNKYtcsPMibjDx9O+bu+psAy9NKfWklassUA==}
    dev: true

  /@types/stats.js/0.17.4:
    resolution: {integrity: sha512-jIBvWWShCvlBqBNIZt0KAshWpvSjhkwkEu4ZUcASoAvhmrgAUI2t1dXrjSL4xXVLB4FznPrIsX3nKXFl/Dt4vA==}
    dev: true

  /@types/three/0.176.0:
    resolution: {integrity: sha512-FwfPXxCqOtP7EdYMagCFePNKoG1AGBDUEVKtluv2BTVRpSt7b+X27xNsirPCTCqY1pGYsPUzaM3jgWP7dXSxlw==}
    dependencies:
      '@dimforge/rapier3d-compat': 0.12.0
      '@tweenjs/tween.js': 23.1.3
      '@types/stats.js': 0.17.4
      '@types/webxr': 0.5.22
      '@webgpu/types': 0.1.60
      fflate: 0.8.2
      meshoptimizer: 0.18.1
    dev: true

  /@types/webxr/0.5.22:
    resolution: {integrity: sha512-Vr6Stjv5jPRqH690f5I5GLjVk8GSsoQSYJ2FVd/3jJF7KaqfwPi3ehfBS96mlQ2kPCwZaX6U0rG2+NGHBKkA/A==}
    dev: true

  /@webgpu/types/0.1.60:
    resolution: {integrity: sha512-8B/tdfRFKdrnejqmvq95ogp8tf52oZ51p3f4QD5m5Paey/qlX4Rhhy5Y8tgFMi7Ms70HzcMMw3EQjH/jdhTwlA==}
    dev: true

  /fflate/0.8.2:
    resolution: {integrity: sha512-cPJU47OaAoCbg0pBvzsgpTPhmhqI5eJjh/JIu8tPj5q+T7iLvW/JAYUqmE7KOB4R1ZyEhzBaIQpQpardBF5z8A==}
    dev: true

  /meshoptimizer/0.18.1:
    resolution: {integrity: sha512-ZhoIoL7TNV4s5B6+rx5mC//fw8/POGyNxS/DZyCJeiZ12ScLfVwRE/GfsxwiTkMYYD5DmK2/JXnEVXqL4rF+Sw==}
    dev: true
