lockfileVersion: '9.0'

settings:
  autoInstallPeers: true
  excludeLinksFromLockfile: false

importers:

  .:
    dependencies:
      '@types/three':
        specifier: ^0.179.0
        version: 0.179.0
      three:
        specifier: ^0.179.1
        version: 0.179.1
    devDependencies:
      vite:
        specifier: ^7.1.2
        version: 7.1.3

packages:

  '@dimforge/rapier3d-compat@0.12.0':
    resolution: {integrity: sha512-uekIGetywIgopfD97oDL5PfeezkFpNhwlzlaEYNOA0N6ghdsOvh/HYjSMek5Q2O1PYvRSDFcqFVJl4r4ZBwOow==, tarball: https://registry.npmmirror.com/@dimforge/rapier3d-compat/-/rapier3d-compat-0.12.0.tgz}

  '@esbuild/aix-ppc64@0.25.9':
    resolution: {integrity: sha512-OaGtL73Jck6pBKjNIe24BnFE6agGl+6KxDtTfHhy1HmhthfKouEcOhqpSL64K4/0WCtbKFLOdzD/44cJ4k9opA==, tarball: https://registry.npmmirror.com/@esbuild/aix-ppc64/-/aix-ppc64-0.25.9.tgz}
    engines: {node: '>=18'}
    cpu: [ppc64]
    os: [aix]

  '@esbuild/android-arm64@0.25.9':
    resolution: {integrity: sha512-IDrddSmpSv51ftWslJMvl3Q2ZT98fUSL2/rlUXuVqRXHCs5EUF1/f+jbjF5+NG9UffUDMCiTyh8iec7u8RlTLg==, tarball: https://registry.npmmirror.com/@esbuild/android-arm64/-/android-arm64-0.25.9.tgz}
    engines: {node: '>=18'}
    cpu: [arm64]
    os: [android]

  '@esbuild/android-arm@0.25.9':
    resolution: {integrity: sha512-5WNI1DaMtxQ7t7B6xa572XMXpHAaI/9Hnhk8lcxF4zVN4xstUgTlvuGDorBguKEnZO70qwEcLpfifMLoxiPqHQ==, tarball: https://registry.npmmirror.com/@esbuild/android-arm/-/android-arm-0.25.9.tgz}
    engines: {node: '>=18'}
    cpu: [arm]
    os: [android]

  '@esbuild/android-x64@0.25.9':
    resolution: {integrity: sha512-I853iMZ1hWZdNllhVZKm34f4wErd4lMyeV7BLzEExGEIZYsOzqDWDf+y082izYUE8gtJnYHdeDpN/6tUdwvfiw==, tarball: https://registry.npmmirror.com/@esbuild/android-x64/-/android-x64-0.25.9.tgz}
    engines: {node: '>=18'}
    cpu: [x64]
    os: [android]

  '@esbuild/darwin-arm64@0.25.9':
    resolution: {integrity: sha512-XIpIDMAjOELi/9PB30vEbVMs3GV1v2zkkPnuyRRURbhqjyzIINwj+nbQATh4H9GxUgH1kFsEyQMxwiLFKUS6Rg==, tarball: https://registry.npmmirror.com/@esbuild/darwin-arm64/-/darwin-arm64-0.25.9.tgz}
    engines: {node: '>=18'}
    cpu: [arm64]
    os: [darwin]

  '@esbuild/darwin-x64@0.25.9':
    resolution: {integrity: sha512-jhHfBzjYTA1IQu8VyrjCX4ApJDnH+ez+IYVEoJHeqJm9VhG9Dh2BYaJritkYK3vMaXrf7Ogr/0MQ8/MeIefsPQ==, tarball: https://registry.npmmirror.com/@esbuild/darwin-x64/-/darwin-x64-0.25.9.tgz}
    engines: {node: '>=18'}
    cpu: [x64]
    os: [darwin]

  '@esbuild/freebsd-arm64@0.25.9':
    resolution: {integrity: sha512-z93DmbnY6fX9+KdD4Ue/H6sYs+bhFQJNCPZsi4XWJoYblUqT06MQUdBCpcSfuiN72AbqeBFu5LVQTjfXDE2A6Q==, tarball: https://registry.npmmirror.com/@esbuild/freebsd-arm64/-/freebsd-arm64-0.25.9.tgz}
    engines: {node: '>=18'}
    cpu: [arm64]
    os: [freebsd]

  '@esbuild/freebsd-x64@0.25.9':
    resolution: {integrity: sha512-mrKX6H/vOyo5v71YfXWJxLVxgy1kyt1MQaD8wZJgJfG4gq4DpQGpgTB74e5yBeQdyMTbgxp0YtNj7NuHN0PoZg==, tarball: https://registry.npmmirror.com/@esbuild/freebsd-x64/-/freebsd-x64-0.25.9.tgz}
    engines: {node: '>=18'}
    cpu: [x64]
    os: [freebsd]

  '@esbuild/linux-arm64@0.25.9':
    resolution: {integrity: sha512-BlB7bIcLT3G26urh5Dmse7fiLmLXnRlopw4s8DalgZ8ef79Jj4aUcYbk90g8iCa2467HX8SAIidbL7gsqXHdRw==, tarball: https://registry.npmmirror.com/@esbuild/linux-arm64/-/linux-arm64-0.25.9.tgz}
    engines: {node: '>=18'}
    cpu: [arm64]
    os: [linux]

  '@esbuild/linux-arm@0.25.9':
    resolution: {integrity: sha512-HBU2Xv78SMgaydBmdor38lg8YDnFKSARg1Q6AT0/y2ezUAKiZvc211RDFHlEZRFNRVhcMamiToo7bDx3VEOYQw==, tarball: https://registry.npmmirror.com/@esbuild/linux-arm/-/linux-arm-0.25.9.tgz}
    engines: {node: '>=18'}
    cpu: [arm]
    os: [linux]

  '@esbuild/linux-ia32@0.25.9':
    resolution: {integrity: sha512-e7S3MOJPZGp2QW6AK6+Ly81rC7oOSerQ+P8L0ta4FhVi+/j/v2yZzx5CqqDaWjtPFfYz21Vi1S0auHrap3Ma3A==, tarball: https://registry.npmmirror.com/@esbuild/linux-ia32/-/linux-ia32-0.25.9.tgz}
    engines: {node: '>=18'}
    cpu: [ia32]
    os: [linux]

  '@esbuild/linux-loong64@0.25.9':
    resolution: {integrity: sha512-Sbe10Bnn0oUAB2AalYztvGcK+o6YFFA/9829PhOCUS9vkJElXGdphz0A3DbMdP8gmKkqPmPcMJmJOrI3VYB1JQ==, tarball: https://registry.npmmirror.com/@esbuild/linux-loong64/-/linux-loong64-0.25.9.tgz}
    engines: {node: '>=18'}
    cpu: [loong64]
    os: [linux]

  '@esbuild/linux-mips64el@0.25.9':
    resolution: {integrity: sha512-YcM5br0mVyZw2jcQeLIkhWtKPeVfAerES5PvOzaDxVtIyZ2NUBZKNLjC5z3/fUlDgT6w89VsxP2qzNipOaaDyA==, tarball: https://registry.npmmirror.com/@esbuild/linux-mips64el/-/linux-mips64el-0.25.9.tgz}
    engines: {node: '>=18'}
    cpu: [mips64el]
    os: [linux]

  '@esbuild/linux-ppc64@0.25.9':
    resolution: {integrity: sha512-++0HQvasdo20JytyDpFvQtNrEsAgNG2CY1CLMwGXfFTKGBGQT3bOeLSYE2l1fYdvML5KUuwn9Z8L1EWe2tzs1w==, tarball: https://registry.npmmirror.com/@esbuild/linux-ppc64/-/linux-ppc64-0.25.9.tgz}
    engines: {node: '>=18'}
    cpu: [ppc64]
    os: [linux]

  '@esbuild/linux-riscv64@0.25.9':
    resolution: {integrity: sha512-uNIBa279Y3fkjV+2cUjx36xkx7eSjb8IvnL01eXUKXez/CBHNRw5ekCGMPM0BcmqBxBcdgUWuUXmVWwm4CH9kg==, tarball: https://registry.npmmirror.com/@esbuild/linux-riscv64/-/linux-riscv64-0.25.9.tgz}
    engines: {node: '>=18'}
    cpu: [riscv64]
    os: [linux]

  '@esbuild/linux-s390x@0.25.9':
    resolution: {integrity: sha512-Mfiphvp3MjC/lctb+7D287Xw1DGzqJPb/J2aHHcHxflUo+8tmN/6d4k6I2yFR7BVo5/g7x2Monq4+Yew0EHRIA==, tarball: https://registry.npmmirror.com/@esbuild/linux-s390x/-/linux-s390x-0.25.9.tgz}
    engines: {node: '>=18'}
    cpu: [s390x]
    os: [linux]

  '@esbuild/linux-x64@0.25.9':
    resolution: {integrity: sha512-iSwByxzRe48YVkmpbgoxVzn76BXjlYFXC7NvLYq+b+kDjyyk30J0JY47DIn8z1MO3K0oSl9fZoRmZPQI4Hklzg==, tarball: https://registry.npmmirror.com/@esbuild/linux-x64/-/linux-x64-0.25.9.tgz}
    engines: {node: '>=18'}
    cpu: [x64]
    os: [linux]

  '@esbuild/netbsd-arm64@0.25.9':
    resolution: {integrity: sha512-9jNJl6FqaUG+COdQMjSCGW4QiMHH88xWbvZ+kRVblZsWrkXlABuGdFJ1E9L7HK+T0Yqd4akKNa/lO0+jDxQD4Q==, tarball: https://registry.npmmirror.com/@esbuild/netbsd-arm64/-/netbsd-arm64-0.25.9.tgz}
    engines: {node: '>=18'}
    cpu: [arm64]
    os: [netbsd]

  '@esbuild/netbsd-x64@0.25.9':
    resolution: {integrity: sha512-RLLdkflmqRG8KanPGOU7Rpg829ZHu8nFy5Pqdi9U01VYtG9Y0zOG6Vr2z4/S+/3zIyOxiK6cCeYNWOFR9QP87g==, tarball: https://registry.npmmirror.com/@esbuild/netbsd-x64/-/netbsd-x64-0.25.9.tgz}
    engines: {node: '>=18'}
    cpu: [x64]
    os: [netbsd]

  '@esbuild/openbsd-arm64@0.25.9':
    resolution: {integrity: sha512-YaFBlPGeDasft5IIM+CQAhJAqS3St3nJzDEgsgFixcfZeyGPCd6eJBWzke5piZuZ7CtL656eOSYKk4Ls2C0FRQ==, tarball: https://registry.npmmirror.com/@esbuild/openbsd-arm64/-/openbsd-arm64-0.25.9.tgz}
    engines: {node: '>=18'}
    cpu: [arm64]
    os: [openbsd]

  '@esbuild/openbsd-x64@0.25.9':
    resolution: {integrity: sha512-1MkgTCuvMGWuqVtAvkpkXFmtL8XhWy+j4jaSO2wxfJtilVCi0ZE37b8uOdMItIHz4I6z1bWWtEX4CJwcKYLcuA==, tarball: https://registry.npmmirror.com/@esbuild/openbsd-x64/-/openbsd-x64-0.25.9.tgz}
    engines: {node: '>=18'}
    cpu: [x64]
    os: [openbsd]

  '@esbuild/openharmony-arm64@0.25.9':
    resolution: {integrity: sha512-4Xd0xNiMVXKh6Fa7HEJQbrpP3m3DDn43jKxMjxLLRjWnRsfxjORYJlXPO4JNcXtOyfajXorRKY9NkOpTHptErg==, tarball: https://registry.npmmirror.com/@esbuild/openharmony-arm64/-/openharmony-arm64-0.25.9.tgz}
    engines: {node: '>=18'}
    cpu: [arm64]
    os: [openharmony]

  '@esbuild/sunos-x64@0.25.9':
    resolution: {integrity: sha512-WjH4s6hzo00nNezhp3wFIAfmGZ8U7KtrJNlFMRKxiI9mxEK1scOMAaa9i4crUtu+tBr+0IN6JCuAcSBJZfnphw==, tarball: https://registry.npmmirror.com/@esbuild/sunos-x64/-/sunos-x64-0.25.9.tgz}
    engines: {node: '>=18'}
    cpu: [x64]
    os: [sunos]

  '@esbuild/win32-arm64@0.25.9':
    resolution: {integrity: sha512-mGFrVJHmZiRqmP8xFOc6b84/7xa5y5YvR1x8djzXpJBSv/UsNK6aqec+6JDjConTgvvQefdGhFDAs2DLAds6gQ==, tarball: https://registry.npmmirror.com/@esbuild/win32-arm64/-/win32-arm64-0.25.9.tgz}
    engines: {node: '>=18'}
    cpu: [arm64]
    os: [win32]

  '@esbuild/win32-ia32@0.25.9':
    resolution: {integrity: sha512-b33gLVU2k11nVx1OhX3C8QQP6UHQK4ZtN56oFWvVXvz2VkDoe6fbG8TOgHFxEvqeqohmRnIHe5A1+HADk4OQww==, tarball: https://registry.npmmirror.com/@esbuild/win32-ia32/-/win32-ia32-0.25.9.tgz}
    engines: {node: '>=18'}
    cpu: [ia32]
    os: [win32]

  '@esbuild/win32-x64@0.25.9':
    resolution: {integrity: sha512-PPOl1mi6lpLNQxnGoyAfschAodRFYXJ+9fs6WHXz7CSWKbOqiMZsubC+BQsVKuul+3vKLuwTHsS2c2y9EoKwxQ==, tarball: https://registry.npmmirror.com/@esbuild/win32-x64/-/win32-x64-0.25.9.tgz}
    engines: {node: '>=18'}
    cpu: [x64]
    os: [win32]

  '@rollup/rollup-android-arm-eabi@4.48.1':
    resolution: {integrity: sha512-rGmb8qoG/zdmKoYELCBwu7vt+9HxZ7Koos3pD0+sH5fR3u3Wb/jGcpnqxcnWsPEKDUyzeLSqksN8LJtgXjqBYw==, tarball: https://registry.npmmirror.com/@rollup/rollup-android-arm-eabi/-/rollup-android-arm-eabi-4.48.1.tgz}
    cpu: [arm]
    os: [android]

  '@rollup/rollup-android-arm64@4.48.1':
    resolution: {integrity: sha512-4e9WtTxrk3gu1DFE+imNJr4WsL13nWbD/Y6wQcyku5qadlKHY3OQ3LJ/INrrjngv2BJIHnIzbqMk1GTAC2P8yQ==, tarball: https://registry.npmmirror.com/@rollup/rollup-android-arm64/-/rollup-android-arm64-4.48.1.tgz}
    cpu: [arm64]
    os: [android]

  '@rollup/rollup-darwin-arm64@4.48.1':
    resolution: {integrity: sha512-+XjmyChHfc4TSs6WUQGmVf7Hkg8ferMAE2aNYYWjiLzAS/T62uOsdfnqv+GHRjq7rKRnYh4mwWb4Hz7h/alp8A==, tarball: https://registry.npmmirror.com/@rollup/rollup-darwin-arm64/-/rollup-darwin-arm64-4.48.1.tgz}
    cpu: [arm64]
    os: [darwin]

  '@rollup/rollup-darwin-x64@4.48.1':
    resolution: {integrity: sha512-upGEY7Ftw8M6BAJyGwnwMw91rSqXTcOKZnnveKrVWsMTF8/k5mleKSuh7D4v4IV1pLxKAk3Tbs0Lo9qYmii5mQ==, tarball: https://registry.npmmirror.com/@rollup/rollup-darwin-x64/-/rollup-darwin-x64-4.48.1.tgz}
    cpu: [x64]
    os: [darwin]

  '@rollup/rollup-freebsd-arm64@4.48.1':
    resolution: {integrity: sha512-P9ViWakdoynYFUOZhqq97vBrhuvRLAbN/p2tAVJvhLb8SvN7rbBnJQcBu8e/rQts42pXGLVhfsAP0k9KXWa3nQ==, tarball: https://registry.npmmirror.com/@rollup/rollup-freebsd-arm64/-/rollup-freebsd-arm64-4.48.1.tgz}
    cpu: [arm64]
    os: [freebsd]

  '@rollup/rollup-freebsd-x64@4.48.1':
    resolution: {integrity: sha512-VLKIwIpnBya5/saccM8JshpbxfyJt0Dsli0PjXozHwbSVaHTvWXJH1bbCwPXxnMzU4zVEfgD1HpW3VQHomi2AQ==, tarball: https://registry.npmmirror.com/@rollup/rollup-freebsd-x64/-/rollup-freebsd-x64-4.48.1.tgz}
    cpu: [x64]
    os: [freebsd]

  '@rollup/rollup-linux-arm-gnueabihf@4.48.1':
    resolution: {integrity: sha512-3zEuZsXfKaw8n/yF7t8N6NNdhyFw3s8xJTqjbTDXlipwrEHo4GtIKcMJr5Ed29leLpB9AugtAQpAHW0jvtKKaQ==, tarball: https://registry.npmmirror.com/@rollup/rollup-linux-arm-gnueabihf/-/rollup-linux-arm-gnueabihf-4.48.1.tgz}
    cpu: [arm]
    os: [linux]
    libc: [glibc]

  '@rollup/rollup-linux-arm-musleabihf@4.48.1':
    resolution: {integrity: sha512-leo9tOIlKrcBmmEypzunV/2w946JeLbTdDlwEZ7OnnsUyelZ72NMnT4B2vsikSgwQifjnJUbdXzuW4ToN1wV+Q==, tarball: https://registry.npmmirror.com/@rollup/rollup-linux-arm-musleabihf/-/rollup-linux-arm-musleabihf-4.48.1.tgz}
    cpu: [arm]
    os: [linux]
    libc: [musl]

  '@rollup/rollup-linux-arm64-gnu@4.48.1':
    resolution: {integrity: sha512-Vy/WS4z4jEyvnJm+CnPfExIv5sSKqZrUr98h03hpAMbE2aI0aD2wvK6GiSe8Gx2wGp3eD81cYDpLLBqNb2ydwQ==, tarball: https://registry.npmmirror.com/@rollup/rollup-linux-arm64-gnu/-/rollup-linux-arm64-gnu-4.48.1.tgz}
    cpu: [arm64]
    os: [linux]
    libc: [glibc]

  '@rollup/rollup-linux-arm64-musl@4.48.1':
    resolution: {integrity: sha512-x5Kzn7XTwIssU9UYqWDB9VpLpfHYuXw5c6bJr4Mzv9kIv242vmJHbI5PJJEnmBYitUIfoMCODDhR7KoZLot2VQ==, tarball: https://registry.npmmirror.com/@rollup/rollup-linux-arm64-musl/-/rollup-linux-arm64-musl-4.48.1.tgz}
    cpu: [arm64]
    os: [linux]
    libc: [musl]

  '@rollup/rollup-linux-loongarch64-gnu@4.48.1':
    resolution: {integrity: sha512-yzCaBbwkkWt/EcgJOKDUdUpMHjhiZT/eDktOPWvSRpqrVE04p0Nd6EGV4/g7MARXXeOqstflqsKuXVM3H9wOIQ==, tarball: https://registry.npmmirror.com/@rollup/rollup-linux-loongarch64-gnu/-/rollup-linux-loongarch64-gnu-4.48.1.tgz}
    cpu: [loong64]
    os: [linux]
    libc: [glibc]

  '@rollup/rollup-linux-ppc64-gnu@4.48.1':
    resolution: {integrity: sha512-UK0WzWUjMAJccHIeOpPhPcKBqax7QFg47hwZTp6kiMhQHeOYJeaMwzeRZe1q5IiTKsaLnHu9s6toSYVUlZ2QtQ==, tarball: https://registry.npmmirror.com/@rollup/rollup-linux-ppc64-gnu/-/rollup-linux-ppc64-gnu-4.48.1.tgz}
    cpu: [ppc64]
    os: [linux]
    libc: [glibc]

  '@rollup/rollup-linux-riscv64-gnu@4.48.1':
    resolution: {integrity: sha512-3NADEIlt+aCdCbWVZ7D3tBjBX1lHpXxcvrLt/kdXTiBrOds8APTdtk2yRL2GgmnSVeX4YS1JIf0imFujg78vpw==, tarball: https://registry.npmmirror.com/@rollup/rollup-linux-riscv64-gnu/-/rollup-linux-riscv64-gnu-4.48.1.tgz}
    cpu: [riscv64]
    os: [linux]
    libc: [glibc]

  '@rollup/rollup-linux-riscv64-musl@4.48.1':
    resolution: {integrity: sha512-euuwm/QTXAMOcyiFCcrx0/S2jGvFlKJ2Iro8rsmYL53dlblp3LkUQVFzEidHhvIPPvcIsxDhl2wkBE+I6YVGzA==, tarball: https://registry.npmmirror.com/@rollup/rollup-linux-riscv64-musl/-/rollup-linux-riscv64-musl-4.48.1.tgz}
    cpu: [riscv64]
    os: [linux]
    libc: [musl]

  '@rollup/rollup-linux-s390x-gnu@4.48.1':
    resolution: {integrity: sha512-w8mULUjmPdWLJgmTYJx/W6Qhln1a+yqvgwmGXcQl2vFBkWsKGUBRbtLRuKJUln8Uaimf07zgJNxOhHOvjSQmBQ==, tarball: https://registry.npmmirror.com/@rollup/rollup-linux-s390x-gnu/-/rollup-linux-s390x-gnu-4.48.1.tgz}
    cpu: [s390x]
    os: [linux]
    libc: [glibc]

  '@rollup/rollup-linux-x64-gnu@4.48.1':
    resolution: {integrity: sha512-90taWXCWxTbClWuMZD0DKYohY1EovA+W5iytpE89oUPmT5O1HFdf8cuuVIylE6vCbrGdIGv85lVRzTcpTRZ+kA==, tarball: https://registry.npmmirror.com/@rollup/rollup-linux-x64-gnu/-/rollup-linux-x64-gnu-4.48.1.tgz}
    cpu: [x64]
    os: [linux]
    libc: [glibc]

  '@rollup/rollup-linux-x64-musl@4.48.1':
    resolution: {integrity: sha512-2Gu29SkFh1FfTRuN1GR1afMuND2GKzlORQUP3mNMJbqdndOg7gNsa81JnORctazHRokiDzQ5+MLE5XYmZW5VWg==, tarball: https://registry.npmmirror.com/@rollup/rollup-linux-x64-musl/-/rollup-linux-x64-musl-4.48.1.tgz}
    cpu: [x64]
    os: [linux]
    libc: [musl]

  '@rollup/rollup-win32-arm64-msvc@4.48.1':
    resolution: {integrity: sha512-6kQFR1WuAO50bxkIlAVeIYsz3RUx+xymwhTo9j94dJ+kmHe9ly7muH23sdfWduD0BA8pD9/yhonUvAjxGh34jQ==, tarball: https://registry.npmmirror.com/@rollup/rollup-win32-arm64-msvc/-/rollup-win32-arm64-msvc-4.48.1.tgz}
    cpu: [arm64]
    os: [win32]

  '@rollup/rollup-win32-ia32-msvc@4.48.1':
    resolution: {integrity: sha512-RUyZZ/mga88lMI3RlXFs4WQ7n3VyU07sPXmMG7/C1NOi8qisUg57Y7LRarqoGoAiopmGmChUhSwfpvQ3H5iGSQ==, tarball: https://registry.npmmirror.com/@rollup/rollup-win32-ia32-msvc/-/rollup-win32-ia32-msvc-4.48.1.tgz}
    cpu: [ia32]
    os: [win32]

  '@rollup/rollup-win32-x64-msvc@4.48.1':
    resolution: {integrity: sha512-8a/caCUN4vkTChxkaIJcMtwIVcBhi4X2PQRoT+yCK3qRYaZ7cURrmJFL5Ux9H9RaMIXj9RuihckdmkBX3zZsgg==, tarball: https://registry.npmmirror.com/@rollup/rollup-win32-x64-msvc/-/rollup-win32-x64-msvc-4.48.1.tgz}
    cpu: [x64]
    os: [win32]

  '@tweenjs/tween.js@23.1.3':
    resolution: {integrity: sha512-vJmvvwFxYuGnF2axRtPYocag6Clbb5YS7kLL+SO/TeVFzHqDIWrNKYtcsPMibjDx9O+bu+psAy9NKfWklassUA==, tarball: https://registry.npmmirror.com/@tweenjs/tween.js/-/tween.js-23.1.3.tgz}

  '@types/estree@1.0.8':
    resolution: {integrity: sha512-dWHzHa2WqEXI/O1E9OjrocMTKJl2mSrEolh1Iomrv6U+JuNwaHXsXx9bLu5gG7BUWFIN0skIQJQ/L1rIex4X6w==, tarball: https://registry.npmmirror.com/@types/estree/-/estree-1.0.8.tgz}

  '@types/stats.js@0.17.4':
    resolution: {integrity: sha512-jIBvWWShCvlBqBNIZt0KAshWpvSjhkwkEu4ZUcASoAvhmrgAUI2t1dXrjSL4xXVLB4FznPrIsX3nKXFl/Dt4vA==, tarball: https://registry.npmmirror.com/@types/stats.js/-/stats.js-0.17.4.tgz}

  '@types/three@0.179.0':
    resolution: {integrity: sha512-VgbFG2Pgsm84BqdegZzr7w2aKbQxmgzIu4Dy7/75ygiD/0P68LKmp5ie08KMPNqGTQwIge8s6D1guZf1RnZE0A==, tarball: https://registry.npmmirror.com/@types/three/-/three-0.179.0.tgz}

  '@types/webxr@0.5.22':
    resolution: {integrity: sha512-Vr6Stjv5jPRqH690f5I5GLjVk8GSsoQSYJ2FVd/3jJF7KaqfwPi3ehfBS96mlQ2kPCwZaX6U0rG2+NGHBKkA/A==, tarball: https://registry.npmmirror.com/@types/webxr/-/webxr-0.5.22.tgz}

  '@webgpu/types@0.1.64':
    resolution: {integrity: sha512-84kRIAGV46LJTlJZWxShiOrNL30A+9KokD7RB3dRCIqODFjodS5tCD5yyiZ8kIReGVZSDfA3XkkwyyOIF6K62A==, tarball: https://registry.npmmirror.com/@webgpu/types/-/types-0.1.64.tgz}

  esbuild@0.25.9:
    resolution: {integrity: sha512-CRbODhYyQx3qp7ZEwzxOk4JBqmD/seJrzPa/cGjY1VtIn5E09Oi9/dB4JwctnfZ8Q8iT7rioVv5k/FNT/uf54g==, tarball: https://registry.npmmirror.com/esbuild/-/esbuild-0.25.9.tgz}
    engines: {node: '>=18'}
    hasBin: true

  fdir@6.5.0:
    resolution: {integrity: sha512-tIbYtZbucOs0BRGqPJkshJUYdL+SDH7dVM8gjy+ERp3WAUjLEFJE+02kanyHtwjWOnwrKYBiwAmM0p4kLJAnXg==, tarball: https://registry.npmmirror.com/fdir/-/fdir-6.5.0.tgz}
    engines: {node: '>=12.0.0'}
    peerDependencies:
      picomatch: ^3 || ^4
    peerDependenciesMeta:
      picomatch:
        optional: true

  fflate@0.8.2:
    resolution: {integrity: sha512-cPJU47OaAoCbg0pBvzsgpTPhmhqI5eJjh/JIu8tPj5q+T7iLvW/JAYUqmE7KOB4R1ZyEhzBaIQpQpardBF5z8A==, tarball: https://registry.npmmirror.com/fflate/-/fflate-0.8.2.tgz}

  fsevents@2.3.3:
    resolution: {integrity: sha512-5xoDfX+fL7faATnagmWPpbFtwh/R77WmMMqqHGS65C3vvB0YHrgF+B1YmZ3441tMj5n63k0212XNoJwzlhffQw==, tarball: https://registry.npmmirror.com/fsevents/-/fsevents-2.3.3.tgz}
    engines: {node: ^8.16.0 || ^10.6.0 || >=11.0.0}
    os: [darwin]

  meshoptimizer@0.22.0:
    resolution: {integrity: sha512-IebiK79sqIy+E4EgOr+CAw+Ke8hAspXKzBd0JdgEmPHiAwmvEj2S4h1rfvo+o/BnfEYd/jAOg5IeeIjzlzSnDg==, tarball: https://registry.npmmirror.com/meshoptimizer/-/meshoptimizer-0.22.0.tgz}

  nanoid@3.3.11:
    resolution: {integrity: sha512-N8SpfPUnUp1bK+PMYW8qSWdl9U+wwNWI4QKxOYDy9JAro3WMX7p2OeVRF9v+347pnakNevPmiHhNmZ2HbFA76w==, tarball: https://registry.npmmirror.com/nanoid/-/nanoid-3.3.11.tgz}
    engines: {node: ^10 || ^12 || ^13.7 || ^14 || >=15.0.1}
    hasBin: true

  picocolors@1.1.1:
    resolution: {integrity: sha512-xceH2snhtb5M9liqDsmEw56le376mTZkEX/jEb/RxNFyegNul7eNslCXP9FDj/Lcu0X8KEyMceP2ntpaHrDEVA==, tarball: https://registry.npmmirror.com/picocolors/-/picocolors-1.1.1.tgz}

  picomatch@4.0.3:
    resolution: {integrity: sha512-5gTmgEY/sqK6gFXLIsQNH19lWb4ebPDLA4SdLP7dsWkIXHWlG66oPuVvXSGFPppYZz8ZDZq0dYYrbHfBCVUb1Q==, tarball: https://registry.npmmirror.com/picomatch/-/picomatch-4.0.3.tgz}
    engines: {node: '>=12'}

  postcss@8.5.6:
    resolution: {integrity: sha512-3Ybi1tAuwAP9s0r1UQ2J4n5Y0G05bJkpUIO0/bI9MhwmD70S5aTWbXGBwxHrelT+XM1k6dM0pk+SwNkpTRN7Pg==, tarball: https://registry.npmmirror.com/postcss/-/postcss-8.5.6.tgz}
    engines: {node: ^10 || ^12 || >=14}

  rollup@4.48.1:
    resolution: {integrity: sha512-jVG20NvbhTYDkGAty2/Yh7HK6/q3DGSRH4o8ALKGArmMuaauM9kLfoMZ+WliPwA5+JHr2lTn3g557FxBV87ifg==, tarball: https://registry.npmmirror.com/rollup/-/rollup-4.48.1.tgz}
    engines: {node: '>=18.0.0', npm: '>=8.0.0'}
    hasBin: true

  source-map-js@1.2.1:
    resolution: {integrity: sha512-UXWMKhLOwVKb728IUtQPXxfYU+usdybtUrK/8uGE8CQMvrhOpwvzDBwj0QhSL7MQc7vIsISBG8VQ8+IDQxpfQA==, tarball: https://registry.npmmirror.com/source-map-js/-/source-map-js-1.2.1.tgz}
    engines: {node: '>=0.10.0'}

  three@0.179.1:
    resolution: {integrity: sha512-5y/elSIQbrvKOISxpwXCR4sQqHtGiOI+MKLc3SsBdDXA2hz3Mdp3X59aUp8DyybMa34aeBwbFTpdoLJaUDEWSw==, tarball: https://registry.npmmirror.com/three/-/three-0.179.1.tgz}

  tinyglobby@0.2.14:
    resolution: {integrity: sha512-tX5e7OM1HnYr2+a2C/4V0htOcSQcoSTH9KgJnVvNm5zm/cyEWKJ7j7YutsH9CxMdtOkkLFy2AHrMci9IM8IPZQ==, tarball: https://registry.npmmirror.com/tinyglobby/-/tinyglobby-0.2.14.tgz}
    engines: {node: '>=12.0.0'}

  vite@7.1.3:
    resolution: {integrity: sha512-OOUi5zjkDxYrKhTV3V7iKsoS37VUM7v40+HuwEmcrsf11Cdx9y3DIr2Px6liIcZFwt3XSRpQvFpL3WVy7ApkGw==, tarball: https://registry.npmmirror.com/vite/-/vite-7.1.3.tgz}
    engines: {node: ^20.19.0 || >=22.12.0}
    hasBin: true
    peerDependencies:
      '@types/node': ^20.19.0 || >=22.12.0
      jiti: '>=1.21.0'
      less: ^4.0.0
      lightningcss: ^1.21.0
      sass: ^1.70.0
      sass-embedded: ^1.70.0
      stylus: '>=0.54.8'
      sugarss: ^5.0.0
      terser: ^5.16.0
      tsx: ^4.8.1
      yaml: ^2.4.2
    peerDependenciesMeta:
      '@types/node':
        optional: true
      jiti:
        optional: true
      less:
        optional: true
      lightningcss:
        optional: true
      sass:
        optional: true
      sass-embedded:
        optional: true
      stylus:
        optional: true
      sugarss:
        optional: true
      terser:
        optional: true
      tsx:
        optional: true
      yaml:
        optional: true

snapshots:

  '@dimforge/rapier3d-compat@0.12.0': {}

  '@esbuild/aix-ppc64@0.25.9':
    optional: true

  '@esbuild/android-arm64@0.25.9':
    optional: true

  '@esbuild/android-arm@0.25.9':
    optional: true

  '@esbuild/android-x64@0.25.9':
    optional: true

  '@esbuild/darwin-arm64@0.25.9':
    optional: true

  '@esbuild/darwin-x64@0.25.9':
    optional: true

  '@esbuild/freebsd-arm64@0.25.9':
    optional: true

  '@esbuild/freebsd-x64@0.25.9':
    optional: true

  '@esbuild/linux-arm64@0.25.9':
    optional: true

  '@esbuild/linux-arm@0.25.9':
    optional: true

  '@esbuild/linux-ia32@0.25.9':
    optional: true

  '@esbuild/linux-loong64@0.25.9':
    optional: true

  '@esbuild/linux-mips64el@0.25.9':
    optional: true

  '@esbuild/linux-ppc64@0.25.9':
    optional: true

  '@esbuild/linux-riscv64@0.25.9':
    optional: true

  '@esbuild/linux-s390x@0.25.9':
    optional: true

  '@esbuild/linux-x64@0.25.9':
    optional: true

  '@esbuild/netbsd-arm64@0.25.9':
    optional: true

  '@esbuild/netbsd-x64@0.25.9':
    optional: true

  '@esbuild/openbsd-arm64@0.25.9':
    optional: true

  '@esbuild/openbsd-x64@0.25.9':
    optional: true

  '@esbuild/openharmony-arm64@0.25.9':
    optional: true

  '@esbuild/sunos-x64@0.25.9':
    optional: true

  '@esbuild/win32-arm64@0.25.9':
    optional: true

  '@esbuild/win32-ia32@0.25.9':
    optional: true

  '@esbuild/win32-x64@0.25.9':
    optional: true

  '@rollup/rollup-android-arm-eabi@4.48.1':
    optional: true

  '@rollup/rollup-android-arm64@4.48.1':
    optional: true

  '@rollup/rollup-darwin-arm64@4.48.1':
    optional: true

  '@rollup/rollup-darwin-x64@4.48.1':
    optional: true

  '@rollup/rollup-freebsd-arm64@4.48.1':
    optional: true

  '@rollup/rollup-freebsd-x64@4.48.1':
    optional: true

  '@rollup/rollup-linux-arm-gnueabihf@4.48.1':
    optional: true

  '@rollup/rollup-linux-arm-musleabihf@4.48.1':
    optional: true

  '@rollup/rollup-linux-arm64-gnu@4.48.1':
    optional: true

  '@rollup/rollup-linux-arm64-musl@4.48.1':
    optional: true

  '@rollup/rollup-linux-loongarch64-gnu@4.48.1':
    optional: true

  '@rollup/rollup-linux-ppc64-gnu@4.48.1':
    optional: true

  '@rollup/rollup-linux-riscv64-gnu@4.48.1':
    optional: true

  '@rollup/rollup-linux-riscv64-musl@4.48.1':
    optional: true

  '@rollup/rollup-linux-s390x-gnu@4.48.1':
    optional: true

  '@rollup/rollup-linux-x64-gnu@4.48.1':
    optional: true

  '@rollup/rollup-linux-x64-musl@4.48.1':
    optional: true

  '@rollup/rollup-win32-arm64-msvc@4.48.1':
    optional: true

  '@rollup/rollup-win32-ia32-msvc@4.48.1':
    optional: true

  '@rollup/rollup-win32-x64-msvc@4.48.1':
    optional: true

  '@tweenjs/tween.js@23.1.3': {}

  '@types/estree@1.0.8': {}

  '@types/stats.js@0.17.4': {}

  '@types/three@0.179.0':
    dependencies:
      '@dimforge/rapier3d-compat': 0.12.0
      '@tweenjs/tween.js': 23.1.3
      '@types/stats.js': 0.17.4
      '@types/webxr': 0.5.22
      '@webgpu/types': 0.1.64
      fflate: 0.8.2
      meshoptimizer: 0.22.0

  '@types/webxr@0.5.22': {}

  '@webgpu/types@0.1.64': {}

  esbuild@0.25.9:
    optionalDependencies:
      '@esbuild/aix-ppc64': 0.25.9
      '@esbuild/android-arm': 0.25.9
      '@esbuild/android-arm64': 0.25.9
      '@esbuild/android-x64': 0.25.9
      '@esbuild/darwin-arm64': 0.25.9
      '@esbuild/darwin-x64': 0.25.9
      '@esbuild/freebsd-arm64': 0.25.9
      '@esbuild/freebsd-x64': 0.25.9
      '@esbuild/linux-arm': 0.25.9
      '@esbuild/linux-arm64': 0.25.9
      '@esbuild/linux-ia32': 0.25.9
      '@esbuild/linux-loong64': 0.25.9
      '@esbuild/linux-mips64el': 0.25.9
      '@esbuild/linux-ppc64': 0.25.9
      '@esbuild/linux-riscv64': 0.25.9
      '@esbuild/linux-s390x': 0.25.9
      '@esbuild/linux-x64': 0.25.9
      '@esbuild/netbsd-arm64': 0.25.9
      '@esbuild/netbsd-x64': 0.25.9
      '@esbuild/openbsd-arm64': 0.25.9
      '@esbuild/openbsd-x64': 0.25.9
      '@esbuild/openharmony-arm64': 0.25.9
      '@esbuild/sunos-x64': 0.25.9
      '@esbuild/win32-arm64': 0.25.9
      '@esbuild/win32-ia32': 0.25.9
      '@esbuild/win32-x64': 0.25.9

  fdir@6.5.0(picomatch@4.0.3):
    optionalDependencies:
      picomatch: 4.0.3

  fflate@0.8.2: {}

  fsevents@2.3.3:
    optional: true

  meshoptimizer@0.22.0: {}

  nanoid@3.3.11: {}

  picocolors@1.1.1: {}

  picomatch@4.0.3: {}

  postcss@8.5.6:
    dependencies:
      nanoid: 3.3.11
      picocolors: 1.1.1
      source-map-js: 1.2.1

  rollup@4.48.1:
    dependencies:
      '@types/estree': 1.0.8
    optionalDependencies:
      '@rollup/rollup-android-arm-eabi': 4.48.1
      '@rollup/rollup-android-arm64': 4.48.1
      '@rollup/rollup-darwin-arm64': 4.48.1
      '@rollup/rollup-darwin-x64': 4.48.1
      '@rollup/rollup-freebsd-arm64': 4.48.1
      '@rollup/rollup-freebsd-x64': 4.48.1
      '@rollup/rollup-linux-arm-gnueabihf': 4.48.1
      '@rollup/rollup-linux-arm-musleabihf': 4.48.1
      '@rollup/rollup-linux-arm64-gnu': 4.48.1
      '@rollup/rollup-linux-arm64-musl': 4.48.1
      '@rollup/rollup-linux-loongarch64-gnu': 4.48.1
      '@rollup/rollup-linux-ppc64-gnu': 4.48.1
      '@rollup/rollup-linux-riscv64-gnu': 4.48.1
      '@rollup/rollup-linux-riscv64-musl': 4.48.1
      '@rollup/rollup-linux-s390x-gnu': 4.48.1
      '@rollup/rollup-linux-x64-gnu': 4.48.1
      '@rollup/rollup-linux-x64-musl': 4.48.1
      '@rollup/rollup-win32-arm64-msvc': 4.48.1
      '@rollup/rollup-win32-ia32-msvc': 4.48.1
      '@rollup/rollup-win32-x64-msvc': 4.48.1
      fsevents: 2.3.3

  source-map-js@1.2.1: {}

  three@0.179.1: {}

  tinyglobby@0.2.14:
    dependencies:
      fdir: 6.5.0(picomatch@4.0.3)
      picomatch: 4.0.3

  vite@7.1.3:
    dependencies:
      esbuild: 0.25.9
      fdir: 6.5.0(picomatch@4.0.3)
      picomatch: 4.0.3
      postcss: 8.5.6
      rollup: 4.48.1
      tinyglobby: 0.2.14
    optionalDependencies:
      fsevents: 2.3.3
